// !$*UTF8*$!
{
	archiveVersion = 1;
	classes = {
	};
	objectVersion = 55;
	objects = {

/* Begin PBXBuildFile section */
		206D4F5728869505007374C4 /* CustomTextField.swift in Sources */ = {isa = PBXBuildFile; fileRef = 206D4F5628869505007374C4 /* CustomTextField.swift */; };
		AE034D6428870E7200DDC259 /* StartScreen.storyboard in Resources */ = {isa = PBXBuildFile; fileRef = AE034D6328870E7200DDC259 /* StartScreen.storyboard */; };
		AE034D66288710D100DDC259 /* LoginScreen.storyboard in Resources */ = {isa = PBXBuildFile; fileRef = AE034D65288710D100DDC259 /* LoginScreen.storyboard */; };
		C134DF36288007B600992842 /* .swiftlint.yml in Resources */ = {isa = PBXBuildFile; fileRef = C134DF35288007B600992842 /* .swiftlint.yml */; };
		C145B61F287E975600BEC69E /* AppDelegate.swift in Sources */ = {isa = PBXBuildFile; fileRef = C145B61E287E975600BEC69E /* AppDelegate.swift */; };
		C145B621287E975600BEC69E /* SceneDelegate.swift in Sources */ = {isa = PBXBuildFile; fileRef = C145B620287E975600BEC69E /* SceneDelegate.swift */; };
		C145B626287E975600BEC69E /* TabBar.storyboard in Resources */ = {isa = PBXBuildFile; fileRef = C145B624287E975600BEC69E /* TabBar.storyboard */; };
		C145B628287E975800BEC69E /* Assets.xcassets in Resources */ = {isa = PBXBuildFile; fileRef = C145B627287E975800BEC69E /* Assets.xcassets */; };
		C145B62B287E975800BEC69E /* LaunchScreen.storyboard in Resources */ = {isa = PBXBuildFile; fileRef = C145B629287E975800BEC69E /* LaunchScreen.storyboard */; };
		C1B8048528853730003371AB /* Home.storyboard in Resources */ = {isa = PBXBuildFile; fileRef = C1B8048428853730003371AB /* Home.storyboard */; };
		C1B80489288537E2003371AB /* Chat.storyboard in Resources */ = {isa = PBXBuildFile; fileRef = C1B80488288537E2003371AB /* Chat.storyboard */; };
		C1B8048B2885382F003371AB /* Like.storyboard in Resources */ = {isa = PBXBuildFile; fileRef = C1B8048A2885382F003371AB /* Like.storyboard */; };
/* End PBXBuildFile section */

/* Begin PBXFileReference section */
		206D4F5628869505007374C4 /* CustomTextField.swift */ = {isa = PBXFileReference; lastKnownFileType = sourcecode.swift; path = CustomTextField.swift; sourceTree = "<group>"; };
		AE034D6328870E7200DDC259 /* StartScreen.storyboard */ = {isa = PBXFileReference; fileEncoding = 4; lastKnownFileType = file.storyboard; name = StartScreen.storyboard; path = ../../../../../../StartScreen.storyboard; sourceTree = "<group>"; };
		AE034D65288710D100DDC259 /* LoginScreen.storyboard */ = {isa = PBXFileReference; lastKnownFileType = file.storyboard; name = LoginScreen.storyboard; path = UDD/LoginScreen.storyboard; sourceTree = SOURCE_ROOT; };
		C134DF35288007B600992842 /* .swiftlint.yml */ = {isa = PBXFileReference; fileEncoding = 4; lastKnownFileType = text.yaml; path = .swiftlint.yml; sourceTree = "<group>"; };
		C145B61B287E975600BEC69E /* UDD.app */ = {isa = PBXFileReference; explicitFileType = wrapper.application; includeInIndex = 0; path = UDD.app; sourceTree = BUILT_PRODUCTS_DIR; };
		C145B61E287E975600BEC69E /* AppDelegate.swift */ = {isa = PBXFileReference; lastKnownFileType = sourcecode.swift; path = AppDelegate.swift; sourceTree = "<group>"; };
		C145B620287E975600BEC69E /* SceneDelegate.swift */ = {isa = PBXFileReference; lastKnownFileType = sourcecode.swift; path = SceneDelegate.swift; sourceTree = "<group>"; };
		C145B625287E975600BEC69E /* Base */ = {isa = PBXFileReference; lastKnownFileType = file.storyboard; name = Base; path = Base.lproj/TabBar.storyboard; sourceTree = "<group>"; };
		C145B627287E975800BEC69E /* Assets.xcassets */ = {isa = PBXFileReference; lastKnownFileType = folder.assetcatalog; path = Assets.xcassets; sourceTree = "<group>"; };
		C145B62A287E975800BEC69E /* Base */ = {isa = PBXFileReference; lastKnownFileType = file.storyboard; name = Base; path = Base.lproj/LaunchScreen.storyboard; sourceTree = "<group>"; };
		C145B62C287E975800BEC69E /* Info.plist */ = {isa = PBXFileReference; lastKnownFileType = text.plist.xml; path = Info.plist; sourceTree = "<group>"; };
		C1B8048428853730003371AB /* Home.storyboard */ = {isa = PBXFileReference; lastKnownFileType = file.storyboard; path = Home.storyboard; sourceTree = "<group>"; };
		C1B80488288537E2003371AB /* Chat.storyboard */ = {isa = PBXFileReference; lastKnownFileType = file.storyboard; path = Chat.storyboard; sourceTree = "<group>"; };
		C1B8048A2885382F003371AB /* Like.storyboard */ = {isa = PBXFileReference; lastKnownFileType = file.storyboard; path = Like.storyboard; sourceTree = "<group>"; };
		CA47D97F706DC3EDC62AD350 /* Pods-UDD.release.xcconfig */ = {isa = PBXFileReference; includeInIndex = 1; lastKnownFileType = text.xcconfig; name = "Pods-UDD.release.xcconfig"; path = "Target Support Files/Pods-UDD/Pods-UDD.release.xcconfig"; sourceTree = "<group>"; };
		E34E1874F5BB3A4C3CC48733 /* Pods-UDD.debug.xcconfig */ = {isa = PBXFileReference; includeInIndex = 1; lastKnownFileType = text.xcconfig; name = "Pods-UDD.debug.xcconfig"; path = "Target Support Files/Pods-UDD/Pods-UDD.debug.xcconfig"; sourceTree = "<group>"; };
/* End PBXFileReference section */

/* Begin PBXFrameworksBuildPhase section */
		C145B618287E975600BEC69E /* Frameworks */ = {
			isa = PBXFrameworksBuildPhase;
			buildActionMask = 2147483647;
			files = (
			);
			runOnlyForDeploymentPostprocessing = 0;
		};
/* End PBXFrameworksBuildPhase section */

/* Begin PBXGroup section */
		206D4F4B288692A8007374C4 /* Application */ = {
			isa = PBXGroup;
			children = (
				C145B627287E975800BEC69E /* Assets.xcassets */,
				C145B62C287E975800BEC69E /* Info.plist */,
				C145B61E287E975600BEC69E /* AppDelegate.swift */,
				C145B620287E975600BEC69E /* SceneDelegate.swift */,
			);
			path = Application;
			sourceTree = "<group>";
		};
		206D4F4C2886934B007374C4 /* Presentation */ = {
			isa = PBXGroup;
			children = (
				206D4F542886943B007374C4 /* Others */,
				206D4F512886938E007374C4 /* OnBoarding */,
				206D4F4D2886935A007374C4 /* Main */,
			);
			path = Presentation;
			sourceTree = "<group>";
		};
		206D4F4D2886935A007374C4 /* Main */ = {
			isa = PBXGroup;
			children = (
				206D4F4E28869360007374C4 /* View */,
				206D4F5028869374007374C4 /* ViewController */,
				206D4F4F2886936C007374C4 /* ViewModel */,
			);
			path = Main;
			sourceTree = "<group>";
		};
		206D4F4E28869360007374C4 /* View */ = {
			isa = PBXGroup;
			children = (
				C145B624287E975600BEC69E /* TabBar.storyboard */,
				C1B8048428853730003371AB /* Home.storyboard */,
				C1B8048A2885382F003371AB /* Like.storyboard */,
				C1B80488288537E2003371AB /* Chat.storyboard */,
			);
			path = View;
			sourceTree = "<group>";
		};
		206D4F4F2886936C007374C4 /* ViewModel */ = {
			isa = PBXGroup;
			children = (
			);
			path = ViewModel;
			sourceTree = "<group>";
		};
		206D4F5028869374007374C4 /* ViewController */ = {
			isa = PBXGroup;
			children = (
			);
			path = ViewController;
			sourceTree = "<group>";
		};
		206D4F512886938E007374C4 /* OnBoarding */ = {
			isa = PBXGroup;
			children = (
				206D4F52288693DD007374C4 /* View */,
				206D4F53288693E3007374C4 /* ViewController */,
			);
			path = OnBoarding;
			sourceTree = "<group>";
		};
		206D4F52288693DD007374C4 /* View */ = {
			isa = PBXGroup;
			children = (
				AE034D6328870E7200DDC259 /* StartScreen.storyboard */,
				AE034D65288710D100DDC259 /* LoginScreen.storyboard */,
			);
			path = View;
			sourceTree = "<group>";
		};
		206D4F53288693E3007374C4 /* ViewController */ = {
			isa = PBXGroup;
			children = (
			);
			path = ViewController;
			sourceTree = "<group>";
		};
		206D4F542886943B007374C4 /* Others */ = {
			isa = PBXGroup;
			children = (
				206D4F55288694F3007374C4 /* ViewController */,
			);
			path = Others;
			sourceTree = "<group>";
		};
		206D4F55288694F3007374C4 /* ViewController */ = {
			isa = PBXGroup;
			children = (
				206D4F5628869505007374C4 /* CustomTextField.swift */,
			);
			path = ViewController;
			sourceTree = "<group>";
		};
		443F36941137DFEB289B6211 /* Pods */ = {
			isa = PBXGroup;
			children = (
				E34E1874F5BB3A4C3CC48733 /* Pods-UDD.debug.xcconfig */,
				CA47D97F706DC3EDC62AD350 /* Pods-UDD.release.xcconfig */,
			);
			path = Pods;
			sourceTree = "<group>";
		};
		C145B612287E975600BEC69E = {
			isa = PBXGroup;
			children = (
				C134DF35288007B600992842 /* .swiftlint.yml */,
				C145B61D287E975600BEC69E /* UDD */,
				C145B61C287E975600BEC69E /* Products */,
				443F36941137DFEB289B6211 /* Pods */,
			);
			sourceTree = "<group>";
		};
		C145B61C287E975600BEC69E /* Products */ = {
			isa = PBXGroup;
			children = (
				C145B61B287E975600BEC69E /* UDD.app */,
			);
			name = Products;
			sourceTree = "<group>";
		};
		C145B61D287E975600BEC69E /* UDD */ = {
			isa = PBXGroup;
			children = (
				206D4F4B288692A8007374C4 /* Application */,
				206D4F4C2886934B007374C4 /* Presentation */,
				C145B629287E975800BEC69E /* LaunchScreen.storyboard */,
			);
			path = UDD;
			sourceTree = "<group>";
		};
/* End PBXGroup section */

/* Begin PBXNativeTarget section */
		C145B61A287E975600BEC69E /* UDD */ = {
			isa = PBXNativeTarget;
			buildConfigurationList = C145B62F287E975800BEC69E /* Build configuration list for PBXNativeTarget "UDD" */;
			buildPhases = (
				88A12637CB3652C74CBD58DD /* [CP] Check Pods Manifest.lock */,
				C134DF30287FF9B300992842 /* SwiftLint Script */,
				C145B617287E975600BEC69E /* Sources */,
				C145B618287E975600BEC69E /* Frameworks */,
				C145B619287E975600BEC69E /* Resources */,
			);
			buildRules = (
			);
			dependencies = (
			);
			name = UDD;
			productName = UDD;
			productReference = C145B61B287E975600BEC69E /* UDD.app */;
			productType = "com.apple.product-type.application";
		};
/* End PBXNativeTarget section */

/* Begin PBXProject section */
		C145B613287E975600BEC69E /* Project object */ = {
			isa = PBXProject;
			attributes = {
				BuildIndependentTargetsInParallel = 1;
				LastSwiftUpdateCheck = 1340;
				LastUpgradeCheck = 1340;
				TargetAttributes = {
					C145B61A287E975600BEC69E = {
						CreatedOnToolsVersion = 13.4.1;
					};
				};
			};
			buildConfigurationList = C145B616287E975600BEC69E /* Build configuration list for PBXProject "UDD" */;
			compatibilityVersion = "Xcode 13.0";
			developmentRegion = en;
			hasScannedForEncodings = 0;
			knownRegions = (
				en,
				Base,
			);
			mainGroup = C145B612287E975600BEC69E;
			productRefGroup = C145B61C287E975600BEC69E /* Products */;
			projectDirPath = "";
			projectRoot = "";
			targets = (
				C145B61A287E975600BEC69E /* UDD */,
			);
		};
/* End PBXProject section */

/* Begin PBXResourcesBuildPhase section */
		C145B619287E975600BEC69E /* Resources */ = {
			isa = PBXResourcesBuildPhase;
			buildActionMask = 2147483647;
			files = (
				C1B8048B2885382F003371AB /* Like.storyboard in Resources */,
				C1B80489288537E2003371AB /* Chat.storyboard in Resources */,
				C134DF36288007B600992842 /* .swiftlint.yml in Resources */,
				AE034D6428870E7200DDC259 /* StartScreen.storyboard in Resources */,
				AE034D66288710D100DDC259 /* LoginScreen.storyboard in Resources */,
				C1B8048528853730003371AB /* Home.storyboard in Resources */,
				C145B62B287E975800BEC69E /* LaunchScreen.storyboard in Resources */,
				C145B628287E975800BEC69E /* Assets.xcassets in Resources */,
				C145B626287E975600BEC69E /* TabBar.storyboard in Resources */,
			);
			runOnlyForDeploymentPostprocessing = 0;
		};
/* End PBXResourcesBuildPhase section */

/* Begin PBXShellScriptBuildPhase section */
		88A12637CB3652C74CBD58DD /* [CP] Check Pods Manifest.lock */ = {
			isa = PBXShellScriptBuildPhase;
			buildActionMask = 2147483647;
			files = (
			);
			inputFileListPaths = (
			);
			inputPaths = (
				"${PODS_PODFILE_DIR_PATH}/Podfile.lock",
				"${PODS_ROOT}/Manifest.lock",
			);
			name = "[CP] Check Pods Manifest.lock";
			outputFileListPaths = (
			);
			outputPaths = (
				"$(DERIVED_FILE_DIR)/Pods-UDD-checkManifestLockResult.txt",
			);
			runOnlyForDeploymentPostprocessing = 0;
			shellPath = /bin/sh;
			shellScript = "diff \"${PODS_PODFILE_DIR_PATH}/Podfile.lock\" \"${PODS_ROOT}/Manifest.lock\" > /dev/null\nif [ $? != 0 ] ; then\n    # print error to STDERR\n    echo \"error: The sandbox is not in sync with the Podfile.lock. Run 'pod install' or update your CocoaPods installation.\" >&2\n    exit 1\nfi\n# This output is used by Xcode 'outputs' to avoid re-running this script phase.\necho \"SUCCESS\" > \"${SCRIPT_OUTPUT_FILE_0}\"\n";
			showEnvVarsInLog = 0;
		};
		C134DF30287FF9B300992842 /* SwiftLint Script */ = {
			isa = PBXShellScriptBuildPhase;
			buildActionMask = 2147483647;
			files = (
			);
			inputFileListPaths = (
			);
			inputPaths = (
			);
			name = "SwiftLint Script";
			outputFileListPaths = (
			);
			outputPaths = (
			);
			runOnlyForDeploymentPostprocessing = 0;
			shellPath = /bin/sh;
			shellScript = "# Type a script or drag a script file from your workspace to insert its path.\n\n\"${PODS_ROOT}/SwiftLint/swiftlint\"\n";
		};
/* End PBXShellScriptBuildPhase section */

/* Begin PBXSourcesBuildPhase section */
		C145B617287E975600BEC69E /* Sources */ = {
			isa = PBXSourcesBuildPhase;
			buildActionMask = 2147483647;
			files = (
				206D4F5728869505007374C4 /* CustomTextField.swift in Sources */,
				C145B61F287E975600BEC69E /* AppDelegate.swift in Sources */,
				C145B621287E975600BEC69E /* SceneDelegate.swift in Sources */,
			);
			runOnlyForDeploymentPostprocessing = 0;
		};
/* End PBXSourcesBuildPhase section */

/* Begin PBXVariantGroup section */
		C145B624287E975600BEC69E /* TabBar.storyboard */ = {
			isa = PBXVariantGroup;
			children = (
				C145B625287E975600BEC69E /* Base */,
			);
			name = TabBar.storyboard;
			sourceTree = "<group>";
		};
		C145B629287E975800BEC69E /* LaunchScreen.storyboard */ = {
			isa = PBXVariantGroup;
			children = (
				C145B62A287E975800BEC69E /* Base */,
			);
			name = LaunchScreen.storyboard;
			sourceTree = "<group>";
		};
/* End PBXVariantGroup section */

/* Begin XCBuildConfiguration section */
		C145B62D287E975800BEC69E /* Debug */ = {
			isa = XCBuildConfiguration;
			buildSettings = {
				ALWAYS_SEARCH_USER_PATHS = NO;
				CLANG_ANALYZER_NONNULL = YES;
				CLANG_ANALYZER_NUMBER_OBJECT_CONVERSION = YES_AGGRESSIVE;
				CLANG_CXX_LANGUAGE_STANDARD = "gnu++17";
				CLANG_ENABLE_MODULES = YES;
				CLANG_ENABLE_OBJC_ARC = YES;
				CLANG_ENABLE_OBJC_WEAK = YES;
				CLANG_WARN_BLOCK_CAPTURE_AUTORELEASING = YES;
				CLANG_WARN_BOOL_CONVERSION = YES;
				CLANG_WARN_COMMA = YES;
				CLANG_WARN_CONSTANT_CONVERSION = YES;
				CLANG_WARN_DEPRECATED_OBJC_IMPLEMENTATIONS = YES;
				CLANG_WARN_DIRECT_OBJC_ISA_USAGE = YES_ERROR;
				CLANG_WARN_DOCUMENTATION_COMMENTS = YES;
				CLANG_WARN_EMPTY_BODY = YES;
				CLANG_WARN_ENUM_CONVERSION = YES;
				CLANG_WARN_INFINITE_RECURSION = YES;
				CLANG_WARN_INT_CONVERSION = YES;
				CLANG_WARN_NON_LITERAL_NULL_CONVERSION = YES;
				CLANG_WARN_OBJC_IMPLICIT_RETAIN_SELF = YES;
				CLANG_WARN_OBJC_LITERAL_CONVERSION = YES;
				CLANG_WARN_OBJC_ROOT_CLASS = YES_ERROR;
				CLANG_WARN_QUOTED_INCLUDE_IN_FRAMEWORK_HEADER = YES;
				CLANG_WARN_RANGE_LOOP_ANALYSIS = YES;
				CLANG_WARN_STRICT_PROTOTYPES = YES;
				CLANG_WARN_SUSPICIOUS_MOVE = YES;
				CLANG_WARN_UNGUARDED_AVAILABILITY = YES_AGGRESSIVE;
				CLANG_WARN_UNREACHABLE_CODE = YES;
				CLANG_WARN__DUPLICATE_METHOD_MATCH = YES;
				COPY_PHASE_STRIP = NO;
				DEBUG_INFORMATION_FORMAT = dwarf;
				ENABLE_STRICT_OBJC_MSGSEND = YES;
				ENABLE_TESTABILITY = YES;
				GCC_C_LANGUAGE_STANDARD = gnu11;
				GCC_DYNAMIC_NO_PIC = NO;
				GCC_NO_COMMON_BLOCKS = YES;
				GCC_OPTIMIZATION_LEVEL = 0;
				GCC_PREPROCESSOR_DEFINITIONS = (
					"DEBUG=1",
					"$(inherited)",
				);
				GCC_WARN_64_TO_32_BIT_CONVERSION = YES;
				GCC_WARN_ABOUT_RETURN_TYPE = YES_ERROR;
				GCC_WARN_UNDECLARED_SELECTOR = YES;
				GCC_WARN_UNINITIALIZED_AUTOS = YES_AGGRESSIVE;
				GCC_WARN_UNUSED_FUNCTION = YES;
				GCC_WARN_UNUSED_VARIABLE = YES;
				IPHONEOS_DEPLOYMENT_TARGET = 15.5;
				MTL_ENABLE_DEBUG_INFO = INCLUDE_SOURCE;
				MTL_FAST_MATH = YES;
				ONLY_ACTIVE_ARCH = YES;
				SDKROOT = iphoneos;
				SWIFT_ACTIVE_COMPILATION_CONDITIONS = DEBUG;
				SWIFT_OPTIMIZATION_LEVEL = "-Onone";
			};
			name = Debug;
		};
		C145B62E287E975800BEC69E /* Release */ = {
			isa = XCBuildConfiguration;
			buildSettings = {
				ALWAYS_SEARCH_USER_PATHS = NO;
				CLANG_ANALYZER_NONNULL = YES;
				CLANG_ANALYZER_NUMBER_OBJECT_CONVERSION = YES_AGGRESSIVE;
				CLANG_CXX_LANGUAGE_STANDARD = "gnu++17";
				CLANG_ENABLE_MODULES = YES;
				CLANG_ENABLE_OBJC_ARC = YES;
				CLANG_ENABLE_OBJC_WEAK = YES;
				CLANG_WARN_BLOCK_CAPTURE_AUTORELEASING = YES;
				CLANG_WARN_BOOL_CONVERSION = YES;
				CLANG_WARN_COMMA = YES;
				CLANG_WARN_CONSTANT_CONVERSION = YES;
				CLANG_WARN_DEPRECATED_OBJC_IMPLEMENTATIONS = YES;
				CLANG_WARN_DIRECT_OBJC_ISA_USAGE = YES_ERROR;
				CLANG_WARN_DOCUMENTATION_COMMENTS = YES;
				CLANG_WARN_EMPTY_BODY = YES;
				CLANG_WARN_ENUM_CONVERSION = YES;
				CLANG_WARN_INFINITE_RECURSION = YES;
				CLANG_WARN_INT_CONVERSION = YES;
				CLANG_WARN_NON_LITERAL_NULL_CONVERSION = YES;
				CLANG_WARN_OBJC_IMPLICIT_RETAIN_SELF = YES;
				CLANG_WARN_OBJC_LITERAL_CONVERSION = YES;
				CLANG_WARN_OBJC_ROOT_CLASS = YES_ERROR;
				CLANG_WARN_QUOTED_INCLUDE_IN_FRAMEWORK_HEADER = YES;
				CLANG_WARN_RANGE_LOOP_ANALYSIS = YES;
				CLANG_WARN_STRICT_PROTOTYPES = YES;
				CLANG_WARN_SUSPICIOUS_MOVE = YES;
				CLANG_WARN_UNGUARDED_AVAILABILITY = YES_AGGRESSIVE;
				CLANG_WARN_UNREACHABLE_CODE = YES;
				CLANG_WARN__DUPLICATE_METHOD_MATCH = YES;
				COPY_PHASE_STRIP = NO;
				DEBUG_INFORMATION_FORMAT = "dwarf-with-dsym";
				ENABLE_NS_ASSERTIONS = NO;
				ENABLE_STRICT_OBJC_MSGSEND = YES;
				GCC_C_LANGUAGE_STANDARD = gnu11;
				GCC_NO_COMMON_BLOCKS = YES;
				GCC_WARN_64_TO_32_BIT_CONVERSION = YES;
				GCC_WARN_ABOUT_RETURN_TYPE = YES_ERROR;
				GCC_WARN_UNDECLARED_SELECTOR = YES;
				GCC_WARN_UNINITIALIZED_AUTOS = YES_AGGRESSIVE;
				GCC_WARN_UNUSED_FUNCTION = YES;
				GCC_WARN_UNUSED_VARIABLE = YES;
				IPHONEOS_DEPLOYMENT_TARGET = 15.5;
				MTL_ENABLE_DEBUG_INFO = NO;
				MTL_FAST_MATH = YES;
				SDKROOT = iphoneos;
				SWIFT_COMPILATION_MODE = wholemodule;
				SWIFT_OPTIMIZATION_LEVEL = "-O";
				VALIDATE_PRODUCT = YES;
			};
			name = Release;
		};
		C145B630287E975800BEC69E /* Debug */ = {
			isa = XCBuildConfiguration;
			baseConfigurationReference = E34E1874F5BB3A4C3CC48733 /* Pods-UDD.debug.xcconfig */;
			buildSettings = {
				ASSETCATALOG_COMPILER_APPICON_NAME = AppIcon;
				ASSETCATALOG_COMPILER_GLOBAL_ACCENT_COLOR_NAME = AccentColor;
				CODE_SIGN_IDENTITY = "iPhone Developer";
				CODE_SIGN_STYLE = Manual;
				CURRENT_PROJECT_VERSION = 1;
				DEVELOPMENT_TEAM = 68LU7Q7XD4;
				GENERATE_INFOPLIST_FILE = YES;
				INFOPLIST_FILE = UDD/Application/Info.plist;
				INFOPLIST_KEY_UIApplicationSupportsIndirectInputEvents = YES;
				INFOPLIST_KEY_UILaunchStoryboardName = LaunchScreen;
				INFOPLIST_KEY_UIMainStoryboardFile = Main;
				INFOPLIST_KEY_UISupportedInterfaceOrientations_iPad = "UIInterfaceOrientationPortrait UIInterfaceOrientationPortraitUpsideDown UIInterfaceOrientationLandscapeLeft UIInterfaceOrientationLandscapeRight";
				INFOPLIST_KEY_UISupportedInterfaceOrientations_iPhone = "UIInterfaceOrientationPortrait UIInterfaceOrientationLandscapeLeft UIInterfaceOrientationLandscapeRight";
				LD_RUNPATH_SEARCH_PATHS = (
					"$(inherited)",
					"@executable_path/Frameworks",
				);
				MARKETING_VERSION = 1.0;
				PRODUCT_BUNDLE_IDENTIFIER = odaeng.UDD;
				PRODUCT_NAME = "$(TARGET_NAME)";
				PROVISIONING_PROFILE_SPECIFIER = "Odaeng UDD";
				SWIFT_EMIT_LOC_STRINGS = YES;
				SWIFT_VERSION = 5.0;
				TARGETED_DEVICE_FAMILY = "1,2";
			};
			name = Debug;
		};
		C145B631287E975800BEC69E /* Release */ = {
			isa = XCBuildConfiguration;
			baseConfigurationReference = CA47D97F706DC3EDC62AD350 /* Pods-UDD.release.xcconfig */;
			buildSettings = {
				ASSETCATALOG_COMPILER_APPICON_NAME = AppIcon;
				ASSETCATALOG_COMPILER_GLOBAL_ACCENT_COLOR_NAME = AccentColor;
				CODE_SIGN_IDENTITY = "iPhone Developer";
				CODE_SIGN_STYLE = Manual;
				CURRENT_PROJECT_VERSION = 1;
				DEVELOPMENT_TEAM = 68LU7Q7XD4;
				GENERATE_INFOPLIST_FILE = YES;
				INFOPLIST_FILE = UDD/Application/Info.plist;
				INFOPLIST_KEY_UIApplicationSupportsIndirectInputEvents = YES;
				INFOPLIST_KEY_UILaunchStoryboardName = LaunchScreen;
				INFOPLIST_KEY_UIMainStoryboardFile = Main;
				INFOPLIST_KEY_UISupportedInterfaceOrientations_iPad = "UIInterfaceOrientationPortrait UIInterfaceOrientationPortraitUpsideDown UIInterfaceOrientationLandscapeLeft UIInterfaceOrientationLandscapeRight";
				INFOPLIST_KEY_UISupportedInterfaceOrientations_iPhone = "UIInterfaceOrientationPortrait UIInterfaceOrientationLandscapeLeft UIInterfaceOrientationLandscapeRight";
				LD_RUNPATH_SEARCH_PATHS = (
					"$(inherited)",
					"@executable_path/Frameworks",
				);
				MARKETING_VERSION = 1.0;
				PRODUCT_BUNDLE_IDENTIFIER = odaeng.UDD;
				PRODUCT_NAME = "$(TARGET_NAME)";
				PROVISIONING_PROFILE_SPECIFIER = "Odaeng UDD";
				SWIFT_EMIT_LOC_STRINGS = YES;
				SWIFT_VERSION = 5.0;
				TARGETED_DEVICE_FAMILY = "1,2";
			};
			name = Release;
		};
/* End XCBuildConfiguration section */

/* Begin XCConfigurationList section */
		C145B616287E975600BEC69E /* Build configuration list for PBXProject "UDD" */ = {
			isa = XCConfigurationList;
			buildConfigurations = (
				C145B62D287E975800BEC69E /* Debug */,
				C145B62E287E975800BEC69E /* Release */,
			);
			defaultConfigurationIsVisible = 0;
			defaultConfigurationName = Release;
		};
		C145B62F287E975800BEC69E /* Build configuration list for PBXNativeTarget "UDD" */ = {
			isa = XCConfigurationList;
			buildConfigurations = (
				C145B630287E975800BEC69E /* Debug */,
				C145B631287E975800BEC69E /* Release */,
			);
			defaultConfigurationIsVisible = 0;
			defaultConfigurationName = Release;
		};
/* End XCConfigurationList section */
	};
	rootObject = C145B613287E975600BEC69E /* Project object */;
}
