// !$*UTF8*$!
{
	archiveVersion = 1;
	classes = {
	};
	objectVersion = 55;
	objects = {

/* Begin PBXBuildFile section */
		119C50A428917B4300A12955 /* ChatRoom.storyboard in Resources */ = {isa = PBXBuildFile; fileRef = 119C50A328917B4300A12955 /* ChatRoom.storyboard */; };
		119C50A628917FE400A12955 /* ChatRoomVC.swift in Sources */ = {isa = PBXBuildFile; fileRef = 119C50A528917FE400A12955 /* ChatRoomVC.swift */; };
		119C50A92891800F00A12955 /* MyCell.swift in Sources */ = {isa = PBXBuildFile; fileRef = 119C50A72891800F00A12955 /* MyCell.swift */; };
		119C50AA2891800F00A12955 /* MyCell.xib in Resources */ = {isa = PBXBuildFile; fileRef = 119C50A82891800F00A12955 /* MyCell.xib */; };
		119C50AD2891801E00A12955 /* YourCell.swift in Sources */ = {isa = PBXBuildFile; fileRef = 119C50AB2891801E00A12955 /* YourCell.swift */; };
		119C50AE2891801E00A12955 /* YourCell.xib in Resources */ = {isa = PBXBuildFile; fileRef = 119C50AC2891801E00A12955 /* YourCell.xib */; };
		119C50BD2893FA3500A12955 /* ChatInfoCell.swift in Sources */ = {isa = PBXBuildFile; fileRef = 119C50BB2893FA3500A12955 /* ChatInfoCell.swift */; };
		119C50BE2893FA3500A12955 /* ChatInfoCell.xib in Resources */ = {isa = PBXBuildFile; fileRef = 119C50BC2893FA3500A12955 /* ChatInfoCell.xib */; };
		119C50C228966FEB00A12955 /* Storage.swift in Sources */ = {isa = PBXBuildFile; fileRef = 119C50C128966FEA00A12955 /* Storage.swift */; };
		119C50C7289670F500A12955 /* StartNaviController.swift in Sources */ = {isa = PBXBuildFile; fileRef = 119C50C6289670F500A12955 /* StartNaviController.swift */; };
		119C50C92896715E00A12955 /* TabBarController.swift in Sources */ = {isa = PBXBuildFile; fileRef = 119C50C82896715E00A12955 /* TabBarController.swift */; };
		20AA0BB92893B15600F4759C /* FilterTagViewController.swift in Sources */ = {isa = PBXBuildFile; fileRef = 20AA0BB82893B15600F4759C /* FilterTagViewController.swift */; };
		20AA0BBC2893B24100F4759C /* LineView.swift in Sources */ = {isa = PBXBuildFile; fileRef = 20AA0BBB2893B24100F4759C /* LineView.swift */; };
		20AA0BC12893B2FD00F4759C /* DefaultTagModel.swift in Sources */ = {isa = PBXBuildFile; fileRef = 20AA0BC02893B2FD00F4759C /* DefaultTagModel.swift */; };
		242CB68634C4C16500D032E4 /* Pods_UDD.framework in Frameworks */ = {isa = PBXBuildFile; fileRef = E0B8FE15F6F796A092A35144 /* Pods_UDD.framework */; };
		7E30393B2890F1E200D58E1A /* LikeListView.swift in Sources */ = {isa = PBXBuildFile; fileRef = 7E30393A2890F1E200D58E1A /* LikeListView.swift */; };
		7E30398228911B8700D58E1A /* LikeTableViewCell.swift in Sources */ = {isa = PBXBuildFile; fileRef = 7E30398028911B8700D58E1A /* LikeTableViewCell.swift */; };
		7E30398328911B8700D58E1A /* LikeTableViewCell.xib in Resources */ = {isa = PBXBuildFile; fileRef = 7E30398128911B8700D58E1A /* LikeTableViewCell.xib */; };
		7E97F23628927D71002F922E /* OpponentDogLikeDataModel.swift in Sources */ = {isa = PBXBuildFile; fileRef = 7E97F23528927D71002F922E /* OpponentDogLikeDataModel.swift */; };
		7EBD43D92893BA2C00B9E528 /* TabBar.storyboard in Resources */ = {isa = PBXBuildFile; fileRef = C14C374E288E735D00868A75 /* TabBar.storyboard */; };
		AE215A78289139CD00687AB4 /* ChatListController.swift in Sources */ = {isa = PBXBuildFile; fileRef = AE215A77289139CD00687AB4 /* ChatListController.swift */; };
		AE5ECC6B289568F600958E24 /* AddDogDetail.storyboard in Resources */ = {isa = PBXBuildFile; fileRef = AE5ECC6A289568F600958E24 /* AddDogDetail.storyboard */; };
		AE5ECC6D2895694B00958E24 /* AddDogDetailController.swift in Sources */ = {isa = PBXBuildFile; fileRef = AE5ECC6C2895694B00958E24 /* AddDogDetailController.swift */; };
		C134DF36288007B600992842 /* .swiftlint.yml in Resources */ = {isa = PBXBuildFile; fileRef = C134DF35288007B600992842 /* .swiftlint.yml */; };
		C14C372A288E6A4F00868A75 /* LaunchScreen.storyboard in Resources */ = {isa = PBXBuildFile; fileRef = C14C36F6288E6A4F00868A75 /* LaunchScreen.storyboard */; };
		C14C372C288E6A4F00868A75 /* Assets.xcassets in Resources */ = {isa = PBXBuildFile; fileRef = C14C36FB288E6A4F00868A75 /* Assets.xcassets */; };
		C14C372D288E6A4F00868A75 /* AppDelegate.swift in Sources */ = {isa = PBXBuildFile; fileRef = C14C36FC288E6A4F00868A75 /* AppDelegate.swift */; };
		C14C372E288E6A4F00868A75 /* Extention_UIView.swift in Sources */ = {isa = PBXBuildFile; fileRef = C14C3700288E6A4F00868A75 /* Extention_UIView.swift */; };
		C14C372F288E6A4F00868A75 /* CustomTextField.swift in Sources */ = {isa = PBXBuildFile; fileRef = C14C3701288E6A4F00868A75 /* CustomTextField.swift */; };
		C14C3730288E6A4F00868A75 /* IntroductionTextView.swift in Sources */ = {isa = PBXBuildFile; fileRef = C14C3702288E6A4F00868A75 /* IntroductionTextView.swift */; };
		C14C3732288E6A4F00868A75 /* DogDataModel.swift in Sources */ = {isa = PBXBuildFile; fileRef = C14C3706288E6A4F00868A75 /* DogDataModel.swift */; };
		C14C3733288E6A4F00868A75 /* Home.storyboard in Resources */ = {isa = PBXBuildFile; fileRef = C14C3709288E6A4F00868A75 /* Home.storyboard */; };
		C14C3734288E6A4F00868A75 /* HomeViewController.swift in Sources */ = {isa = PBXBuildFile; fileRef = C14C370A288E6A4F00868A75 /* HomeViewController.swift */; };
		C14C3735288E6A4F00868A75 /* PostTableViewCell.swift in Sources */ = {isa = PBXBuildFile; fileRef = C14C370C288E6A4F00868A75 /* PostTableViewCell.swift */; };
		C14C3736288E6A4F00868A75 /* PostTableViewCell.xib in Resources */ = {isa = PBXBuildFile; fileRef = C14C370D288E6A4F00868A75 /* PostTableViewCell.xib */; };
		C14C3737288E6A4F00868A75 /* Like.storyboard in Resources */ = {isa = PBXBuildFile; fileRef = C14C370F288E6A4F00868A75 /* Like.storyboard */; };
		C14C3739288E6A4F00868A75 /* HomeDetailViewController.swift in Sources */ = {isa = PBXBuildFile; fileRef = C14C3713288E6A4F00868A75 /* HomeDetailViewController.swift */; };
		C14C373A288E6A4F00868A75 /* HomeDetailView.storyboard in Resources */ = {isa = PBXBuildFile; fileRef = C14C3714288E6A4F00868A75 /* HomeDetailView.storyboard */; };
		C14C373B288E6A4F00868A75 /* AddDogNameViewController.swift in Sources */ = {isa = PBXBuildFile; fileRef = C14C3718288E6A4F00868A75 /* AddDogNameViewController.swift */; };
		C14C373C288E6A4F00868A75 /* AddDogName.storyboard in Resources */ = {isa = PBXBuildFile; fileRef = C14C3719288E6A4F00868A75 /* AddDogName.storyboard */; };
		C14C373D288E6A4F00868A75 /* StartScreen.storyboard in Resources */ = {isa = PBXBuildFile; fileRef = C14C371B288E6A4F00868A75 /* StartScreen.storyboard */; };
		C14C373E288E6A4F00868A75 /* StartScreenController.swift in Sources */ = {isa = PBXBuildFile; fileRef = C14C371C288E6A4F00868A75 /* StartScreenController.swift */; };
		C14C373F288E6A4F00868A75 /* SelectTagViewController.swift in Sources */ = {isa = PBXBuildFile; fileRef = C14C371E288E6A4F00868A75 /* SelectTagViewController.swift */; };
		C14C3740288E6A4F00868A75 /* SelectTag.storyboard in Resources */ = {isa = PBXBuildFile; fileRef = C14C371F288E6A4F00868A75 /* SelectTag.storyboard */; };
		C14C3741288E6A4F00868A75 /* AddUserData.storyboard in Resources */ = {isa = PBXBuildFile; fileRef = C14C3721288E6A4F00868A75 /* AddUserData.storyboard */; };
		C14C3742288E6A4F00868A75 /* AddUserDataViewController.swift in Sources */ = {isa = PBXBuildFile; fileRef = C14C3722288E6A4F00868A75 /* AddUserDataViewController.swift */; };
		C14C3743288E6A4F00868A75 /* LoginScreen.storyboard in Resources */ = {isa = PBXBuildFile; fileRef = C14C3724288E6A4F00868A75 /* LoginScreen.storyboard */; };
		C14C3744288E6A4F00868A75 /* LoginScreenController.swift in Sources */ = {isa = PBXBuildFile; fileRef = C14C3725288E6A4F00868A75 /* LoginScreenController.swift */; };
		C14C3746288E6A4F00868A75 /* SceneDelegate.swift in Sources */ = {isa = PBXBuildFile; fileRef = C14C3727288E6A4F00868A75 /* SceneDelegate.swift */; };
		C14C3749288E6E4500868A75 /* Chat.storyboard in Resources */ = {isa = PBXBuildFile; fileRef = C14C3711288E6A4F00868A75 /* Chat.storyboard */; };
		C1D9FCDF288FEFFE001434FF /* Profile.storyboard in Resources */ = {isa = PBXBuildFile; fileRef = C1D9FCDE288FEFFE001434FF /* Profile.storyboard */; };
/* End PBXBuildFile section */

/* Begin PBXFileReference section */
		119C50A328917B4300A12955 /* ChatRoom.storyboard */ = {isa = PBXFileReference; lastKnownFileType = file.storyboard; path = ChatRoom.storyboard; sourceTree = "<group>"; };
		119C50A528917FE400A12955 /* ChatRoomVC.swift */ = {isa = PBXFileReference; lastKnownFileType = sourcecode.swift; path = ChatRoomVC.swift; sourceTree = "<group>"; };
		119C50A72891800F00A12955 /* MyCell.swift */ = {isa = PBXFileReference; lastKnownFileType = sourcecode.swift; path = MyCell.swift; sourceTree = "<group>"; };
		119C50A82891800F00A12955 /* MyCell.xib */ = {isa = PBXFileReference; lastKnownFileType = file.xib; path = MyCell.xib; sourceTree = "<group>"; };
		119C50AB2891801E00A12955 /* YourCell.swift */ = {isa = PBXFileReference; lastKnownFileType = sourcecode.swift; path = YourCell.swift; sourceTree = "<group>"; };
		119C50AC2891801E00A12955 /* YourCell.xib */ = {isa = PBXFileReference; lastKnownFileType = file.xib; path = YourCell.xib; sourceTree = "<group>"; };
		119C50BB2893FA3500A12955 /* ChatInfoCell.swift */ = {isa = PBXFileReference; lastKnownFileType = sourcecode.swift; path = ChatInfoCell.swift; sourceTree = "<group>"; };
		119C50BC2893FA3500A12955 /* ChatInfoCell.xib */ = {isa = PBXFileReference; lastKnownFileType = file.xib; path = ChatInfoCell.xib; sourceTree = "<group>"; };
		119C50C128966FEA00A12955 /* Storage.swift */ = {isa = PBXFileReference; lastKnownFileType = sourcecode.swift; path = Storage.swift; sourceTree = "<group>"; };
		119C50C6289670F500A12955 /* StartNaviController.swift */ = {isa = PBXFileReference; lastKnownFileType = sourcecode.swift; path = StartNaviController.swift; sourceTree = "<group>"; };
		119C50C82896715E00A12955 /* TabBarController.swift */ = {isa = PBXFileReference; lastKnownFileType = sourcecode.swift; path = TabBarController.swift; sourceTree = "<group>"; };
		20AA0BB82893B15600F4759C /* FilterTagViewController.swift */ = {isa = PBXFileReference; lastKnownFileType = sourcecode.swift; path = FilterTagViewController.swift; sourceTree = "<group>"; };
		20AA0BBB2893B24100F4759C /* LineView.swift */ = {isa = PBXFileReference; lastKnownFileType = sourcecode.swift; path = LineView.swift; sourceTree = "<group>"; };
		20AA0BBE2893B28B00F4759C /* UISheetPresentationControllerDetent+Private.h */ = {isa = PBXFileReference; fileEncoding = 4; lastKnownFileType = sourcecode.c.h; path = "UISheetPresentationControllerDetent+Private.h"; sourceTree = "<group>"; };
		20AA0BBF2893B28B00F4759C /* CustomSPCDetent-Bridging-Header.h */ = {isa = PBXFileReference; fileEncoding = 4; lastKnownFileType = sourcecode.c.h; path = "CustomSPCDetent-Bridging-Header.h"; sourceTree = "<group>"; };
		20AA0BC02893B2FD00F4759C /* DefaultTagModel.swift */ = {isa = PBXFileReference; fileEncoding = 4; lastKnownFileType = sourcecode.swift; path = DefaultTagModel.swift; sourceTree = "<group>"; };
		7E30393A2890F1E200D58E1A /* LikeListView.swift */ = {isa = PBXFileReference; lastKnownFileType = sourcecode.swift; path = LikeListView.swift; sourceTree = "<group>"; };
		7E30398028911B8700D58E1A /* LikeTableViewCell.swift */ = {isa = PBXFileReference; lastKnownFileType = sourcecode.swift; path = LikeTableViewCell.swift; sourceTree = "<group>"; };
		7E30398128911B8700D58E1A /* LikeTableViewCell.xib */ = {isa = PBXFileReference; lastKnownFileType = file.xib; path = LikeTableViewCell.xib; sourceTree = "<group>"; };
		7E97F23528927D71002F922E /* OpponentDogLikeDataModel.swift */ = {isa = PBXFileReference; lastKnownFileType = sourcecode.swift; path = OpponentDogLikeDataModel.swift; sourceTree = "<group>"; };
		AE215A77289139CD00687AB4 /* ChatListController.swift */ = {isa = PBXFileReference; fileEncoding = 4; lastKnownFileType = sourcecode.swift; path = ChatListController.swift; sourceTree = "<group>"; };
		AE5ECC6A289568F600958E24 /* AddDogDetail.storyboard */ = {isa = PBXFileReference; lastKnownFileType = file.storyboard; path = AddDogDetail.storyboard; sourceTree = "<group>"; };
		AE5ECC6C2895694B00958E24 /* AddDogDetailController.swift */ = {isa = PBXFileReference; lastKnownFileType = sourcecode.swift; path = AddDogDetailController.swift; sourceTree = "<group>"; };
		C134DF35288007B600992842 /* .swiftlint.yml */ = {isa = PBXFileReference; fileEncoding = 4; lastKnownFileType = text.yaml; path = .swiftlint.yml; sourceTree = "<group>"; };
		C145B61B287E975600BEC69E /* UDD.app */ = {isa = PBXFileReference; explicitFileType = wrapper.application; includeInIndex = 0; path = UDD.app; sourceTree = BUILT_PRODUCTS_DIR; };
		C14C36F7288E6A4F00868A75 /* Base */ = {isa = PBXFileReference; lastKnownFileType = file.storyboard; name = Base; path = Base.lproj/LaunchScreen.storyboard; sourceTree = "<group>"; };
		C14C36FB288E6A4F00868A75 /* Assets.xcassets */ = {isa = PBXFileReference; lastKnownFileType = folder.assetcatalog; path = Assets.xcassets; sourceTree = "<group>"; };
		C14C36FC288E6A4F00868A75 /* AppDelegate.swift */ = {isa = PBXFileReference; fileEncoding = 4; lastKnownFileType = sourcecode.swift; path = AppDelegate.swift; sourceTree = "<group>"; };
		C14C3700288E6A4F00868A75 /* Extention_UIView.swift */ = {isa = PBXFileReference; fileEncoding = 4; lastKnownFileType = sourcecode.swift; path = Extention_UIView.swift; sourceTree = "<group>"; };
		C14C3701288E6A4F00868A75 /* CustomTextField.swift */ = {isa = PBXFileReference; fileEncoding = 4; lastKnownFileType = sourcecode.swift; path = CustomTextField.swift; sourceTree = "<group>"; };
		C14C3702288E6A4F00868A75 /* IntroductionTextView.swift */ = {isa = PBXFileReference; fileEncoding = 4; lastKnownFileType = sourcecode.swift; path = IntroductionTextView.swift; sourceTree = "<group>"; };
		C14C3706288E6A4F00868A75 /* DogDataModel.swift */ = {isa = PBXFileReference; fileEncoding = 4; lastKnownFileType = sourcecode.swift; path = DogDataModel.swift; sourceTree = "<group>"; };
		C14C3709288E6A4F00868A75 /* Home.storyboard */ = {isa = PBXFileReference; fileEncoding = 4; lastKnownFileType = file.storyboard; path = Home.storyboard; sourceTree = "<group>"; };
		C14C370A288E6A4F00868A75 /* HomeViewController.swift */ = {isa = PBXFileReference; fileEncoding = 4; lastKnownFileType = sourcecode.swift; path = HomeViewController.swift; sourceTree = "<group>"; };
		C14C370C288E6A4F00868A75 /* PostTableViewCell.swift */ = {isa = PBXFileReference; fileEncoding = 4; lastKnownFileType = sourcecode.swift; path = PostTableViewCell.swift; sourceTree = "<group>"; };
		C14C370D288E6A4F00868A75 /* PostTableViewCell.xib */ = {isa = PBXFileReference; fileEncoding = 4; lastKnownFileType = file.xib; path = PostTableViewCell.xib; sourceTree = "<group>"; };
		C14C370F288E6A4F00868A75 /* Like.storyboard */ = {isa = PBXFileReference; fileEncoding = 4; lastKnownFileType = file.storyboard; path = Like.storyboard; sourceTree = "<group>"; };
		C14C3711288E6A4F00868A75 /* Chat.storyboard */ = {isa = PBXFileReference; fileEncoding = 4; lastKnownFileType = file.storyboard; path = Chat.storyboard; sourceTree = "<group>"; };
		C14C3713288E6A4F00868A75 /* HomeDetailViewController.swift */ = {isa = PBXFileReference; fileEncoding = 4; lastKnownFileType = sourcecode.swift; path = HomeDetailViewController.swift; sourceTree = "<group>"; };
		C14C3714288E6A4F00868A75 /* HomeDetailView.storyboard */ = {isa = PBXFileReference; fileEncoding = 4; lastKnownFileType = file.storyboard; path = HomeDetailView.storyboard; sourceTree = "<group>"; };
		C14C3718288E6A4F00868A75 /* AddDogNameViewController.swift */ = {isa = PBXFileReference; fileEncoding = 4; lastKnownFileType = sourcecode.swift; path = AddDogNameViewController.swift; sourceTree = "<group>"; };
		C14C3719288E6A4F00868A75 /* AddDogName.storyboard */ = {isa = PBXFileReference; fileEncoding = 4; lastKnownFileType = file.storyboard; path = AddDogName.storyboard; sourceTree = "<group>"; };
		C14C371B288E6A4F00868A75 /* StartScreen.storyboard */ = {isa = PBXFileReference; fileEncoding = 4; lastKnownFileType = file.storyboard; path = StartScreen.storyboard; sourceTree = "<group>"; };
		C14C371C288E6A4F00868A75 /* StartScreenController.swift */ = {isa = PBXFileReference; fileEncoding = 4; lastKnownFileType = sourcecode.swift; path = StartScreenController.swift; sourceTree = "<group>"; };
		C14C371E288E6A4F00868A75 /* SelectTagViewController.swift */ = {isa = PBXFileReference; fileEncoding = 4; lastKnownFileType = sourcecode.swift; path = SelectTagViewController.swift; sourceTree = "<group>"; };
		C14C371F288E6A4F00868A75 /* SelectTag.storyboard */ = {isa = PBXFileReference; fileEncoding = 4; lastKnownFileType = file.storyboard; path = SelectTag.storyboard; sourceTree = "<group>"; };
		C14C3721288E6A4F00868A75 /* AddUserData.storyboard */ = {isa = PBXFileReference; fileEncoding = 4; lastKnownFileType = file.storyboard; path = AddUserData.storyboard; sourceTree = "<group>"; };
		C14C3722288E6A4F00868A75 /* AddUserDataViewController.swift */ = {isa = PBXFileReference; fileEncoding = 4; lastKnownFileType = sourcecode.swift; path = AddUserDataViewController.swift; sourceTree = "<group>"; };
		C14C3724288E6A4F00868A75 /* LoginScreen.storyboard */ = {isa = PBXFileReference; fileEncoding = 4; lastKnownFileType = file.storyboard; path = LoginScreen.storyboard; sourceTree = "<group>"; };
		C14C3725288E6A4F00868A75 /* LoginScreenController.swift */ = {isa = PBXFileReference; fileEncoding = 4; lastKnownFileType = sourcecode.swift; path = LoginScreenController.swift; sourceTree = "<group>"; };
		C14C3727288E6A4F00868A75 /* SceneDelegate.swift */ = {isa = PBXFileReference; fileEncoding = 4; lastKnownFileType = sourcecode.swift; path = SceneDelegate.swift; sourceTree = "<group>"; };
		C14C374A288E707800868A75 /* Info.plist */ = {isa = PBXFileReference; fileEncoding = 4; lastKnownFileType = text.plist.xml; path = Info.plist; sourceTree = "<group>"; };
		C14C374E288E735D00868A75 /* TabBar.storyboard */ = {isa = PBXFileReference; lastKnownFileType = file.storyboard; path = TabBar.storyboard; sourceTree = "<group>"; };
		C1D9FCDE288FEFFE001434FF /* Profile.storyboard */ = {isa = PBXFileReference; lastKnownFileType = file.storyboard; path = Profile.storyboard; sourceTree = "<group>"; };
		CA47D97F706DC3EDC62AD350 /* Pods-UDD.release.xcconfig */ = {isa = PBXFileReference; includeInIndex = 1; lastKnownFileType = text.xcconfig; name = "Pods-UDD.release.xcconfig"; path = "Target Support Files/Pods-UDD/Pods-UDD.release.xcconfig"; sourceTree = "<group>"; };
		E0B8FE15F6F796A092A35144 /* Pods_UDD.framework */ = {isa = PBXFileReference; explicitFileType = wrapper.framework; includeInIndex = 0; path = Pods_UDD.framework; sourceTree = BUILT_PRODUCTS_DIR; };
		E34E1874F5BB3A4C3CC48733 /* Pods-UDD.debug.xcconfig */ = {isa = PBXFileReference; includeInIndex = 1; lastKnownFileType = text.xcconfig; name = "Pods-UDD.debug.xcconfig"; path = "Target Support Files/Pods-UDD/Pods-UDD.debug.xcconfig"; sourceTree = "<group>"; };
/* End PBXFileReference section */

/* Begin PBXFrameworksBuildPhase section */
		C145B618287E975600BEC69E /* Frameworks */ = {
			isa = PBXFrameworksBuildPhase;
			buildActionMask = 2147483647;
			files = (
				242CB68634C4C16500D032E4 /* Pods_UDD.framework in Frameworks */,
			);
			runOnlyForDeploymentPostprocessing = 0;
		};
/* End PBXFrameworksBuildPhase section */

/* Begin PBXGroup section */
		119C50A228917B2900A12955 /* ChatRoom */ = {
			isa = PBXGroup;
			children = (
				119C50A328917B4300A12955 /* ChatRoom.storyboard */,
				119C50A528917FE400A12955 /* ChatRoomVC.swift */,
				119C50BB2893FA3500A12955 /* ChatInfoCell.swift */,
				119C50BC2893FA3500A12955 /* ChatInfoCell.xib */,
				119C50A72891800F00A12955 /* MyCell.swift */,
				119C50A82891800F00A12955 /* MyCell.xib */,
				119C50AB2891801E00A12955 /* YourCell.swift */,
				119C50AC2891801E00A12955 /* YourCell.xib */,
			);
			path = ChatRoom;
			sourceTree = "<group>";
		};
		119C50C32896702900A12955 /* Onboarding */ = {
			isa = PBXGroup;
			children = (
				119C50C128966FEA00A12955 /* Storage.swift */,
			);
			path = Onboarding;
			sourceTree = "<group>";
		};
		20AA0BBD2893B27C00F4759C /* Headers */ = {
			isa = PBXGroup;
			children = (
				20AA0BBF2893B28B00F4759C /* CustomSPCDetent-Bridging-Header.h */,
				20AA0BBE2893B28B00F4759C /* UISheetPresentationControllerDetent+Private.h */,
			);
			path = Headers;
			sourceTree = "<group>";
		};
		443F36941137DFEB289B6211 /* Pods */ = {
			isa = PBXGroup;
			children = (
				E34E1874F5BB3A4C3CC48733 /* Pods-UDD.debug.xcconfig */,
				CA47D97F706DC3EDC62AD350 /* Pods-UDD.release.xcconfig */,
			);
			path = Pods;
			sourceTree = "<group>";
		};
		7E6E5EE5288E7E69003AF360 /* SubViews */ = {
			isa = PBXGroup;
			children = (
				7E30398128911B8700D58E1A /* LikeTableViewCell.xib */,
				7E30398028911B8700D58E1A /* LikeTableViewCell.swift */,
			);
			path = SubViews;
			sourceTree = "<group>";
		};
		AE5ECC69289568E400958E24 /* AddDogDetail */ = {
			isa = PBXGroup;
			children = (
				AE5ECC6A289568F600958E24 /* AddDogDetail.storyboard */,
				AE5ECC6C2895694B00958E24 /* AddDogDetailController.swift */,
			);
			path = AddDogDetail;
			sourceTree = "<group>";
		};
		B902775A6750F829A8671E6F /* Frameworks */ = {
			isa = PBXGroup;
			children = (
				E0B8FE15F6F796A092A35144 /* Pods_UDD.framework */,
			);
			name = Frameworks;
			sourceTree = "<group>";
		};
		C145B612287E975600BEC69E = {
			isa = PBXGroup;
			children = (
				C134DF35288007B600992842 /* .swiftlint.yml */,
				C14C36F3288E6A4F00868A75 /* UDD */,
				C145B61C287E975600BEC69E /* Products */,
				443F36941137DFEB289B6211 /* Pods */,
				B902775A6750F829A8671E6F /* Frameworks */,
			);
			sourceTree = "<group>";
		};
		C145B61C287E975600BEC69E /* Products */ = {
			isa = PBXGroup;
			children = (
				C145B61B287E975600BEC69E /* UDD.app */,
			);
			name = Products;
			sourceTree = "<group>";
		};
		C14C36F3288E6A4F00868A75 /* UDD */ = {
			isa = PBXGroup;
			children = (
				C14C36FA288E6A4F00868A75 /* Application */,
				C14C36FD288E6A4F00868A75 /* Presentation */,
				C14C36F6288E6A4F00868A75 /* LaunchScreen.storyboard */,
			);
			path = UDD;
			sourceTree = "<group>";
		};
		C14C36FA288E6A4F00868A75 /* Application */ = {
			isa = PBXGroup;
			children = (
				C14C374A288E707800868A75 /* Info.plist */,
				C14C36FB288E6A4F00868A75 /* Assets.xcassets */,
				C14C36FC288E6A4F00868A75 /* AppDelegate.swift */,
				C14C3727288E6A4F00868A75 /* SceneDelegate.swift */,
			);
			path = Application;
			sourceTree = "<group>";
		};
		C14C36FD288E6A4F00868A75 /* Presentation */ = {
			isa = PBXGroup;
			children = (
				20AA0BBD2893B27C00F4759C /* Headers */,
				C14C36FE288E6A4F00868A75 /* Others */,
				C14C3715288E6A4F00868A75 /* OnBoarding */,
				C14C3703288E6A4F00868A75 /* Main */,
			);
			path = Presentation;
			sourceTree = "<group>";
		};
		C14C36FE288E6A4F00868A75 /* Others */ = {
			isa = PBXGroup;
			children = (
				C14C36FF288E6A4F00868A75 /* View */,
				119C50C32896702900A12955 /* Onboarding */,
			);
			path = Others;
			sourceTree = "<group>";
		};
		C14C36FF288E6A4F00868A75 /* View */ = {
			isa = PBXGroup;
			children = (
				C14C3701288E6A4F00868A75 /* CustomTextField.swift */,
				C14C3702288E6A4F00868A75 /* IntroductionTextView.swift */,
				C14C3700288E6A4F00868A75 /* Extention_UIView.swift */,
				20AA0BBB2893B24100F4759C /* LineView.swift */,
			);
			path = View;
			sourceTree = "<group>";
		};
		C14C3703288E6A4F00868A75 /* Main */ = {
			isa = PBXGroup;
			children = (
				C14C3707288E6A4F00868A75 /* View */,
				C14C3704288E6A4F00868A75 /* Models */,
			);
			path = Main;
			sourceTree = "<group>";
		};
		C14C3704288E6A4F00868A75 /* Models */ = {
			isa = PBXGroup;
			children = (
				20AA0BC02893B2FD00F4759C /* DefaultTagModel.swift */,
				C14C3706288E6A4F00868A75 /* DogDataModel.swift */,
				7E97F23528927D71002F922E /* OpponentDogLikeDataModel.swift */,
			);
			path = Models;
			sourceTree = "<group>";
		};
		C14C3707288E6A4F00868A75 /* View */ = {
			isa = PBXGroup;
			children = (
				C14C374E288E735D00868A75 /* TabBar.storyboard */,
				119C50C82896715E00A12955 /* TabBarController.swift */,
				C14C3708288E6A4F00868A75 /* Home */,
				C14C3712288E6A4F00868A75 /* HomeDetailView */,
				C1D9FCE0288FF032001434FF /* Profile */,
				C14C370E288E6A4F00868A75 /* Like */,
				C14C3710288E6A4F00868A75 /* Chat */,
				119C50A228917B2900A12955 /* ChatRoom */,
			);
			path = View;
			sourceTree = "<group>";
		};
		C14C3708288E6A4F00868A75 /* Home */ = {
			isa = PBXGroup;
			children = (
				C14C3709288E6A4F00868A75 /* Home.storyboard */,
				C14C370A288E6A4F00868A75 /* HomeViewController.swift */,
				C14C370B288E6A4F00868A75 /* SubViews */,
			);
			path = Home;
			sourceTree = "<group>";
		};
		C14C370B288E6A4F00868A75 /* SubViews */ = {
			isa = PBXGroup;
			children = (
				C14C370D288E6A4F00868A75 /* PostTableViewCell.xib */,
				C14C370C288E6A4F00868A75 /* PostTableViewCell.swift */,
				20AA0BB82893B15600F4759C /* FilterTagViewController.swift */,
			);
			path = SubViews;
			sourceTree = "<group>";
		};
		C14C370E288E6A4F00868A75 /* Like */ = {
			isa = PBXGroup;
			children = (
				C14C370F288E6A4F00868A75 /* Like.storyboard */,
				7E30393A2890F1E200D58E1A /* LikeListView.swift */,
				7E6E5EE5288E7E69003AF360 /* SubViews */,
			);
			path = Like;
			sourceTree = "<group>";
		};
		C14C3710288E6A4F00868A75 /* Chat */ = {
			isa = PBXGroup;
			children = (
				C14C3711288E6A4F00868A75 /* Chat.storyboard */,
				AE215A77289139CD00687AB4 /* ChatListController.swift */,
			);
			path = Chat;
			sourceTree = "<group>";
		};
		C14C3712288E6A4F00868A75 /* HomeDetailView */ = {
			isa = PBXGroup;
			children = (
				C14C3714288E6A4F00868A75 /* HomeDetailView.storyboard */,
				C14C3713288E6A4F00868A75 /* HomeDetailViewController.swift */,
			);
			path = HomeDetailView;
			sourceTree = "<group>";
		};
		C14C3715288E6A4F00868A75 /* OnBoarding */ = {
			isa = PBXGroup;
			children = (
				C14C3716288E6A4F00868A75 /* View */,
			);
			path = OnBoarding;
			sourceTree = "<group>";
		};
		C14C3716288E6A4F00868A75 /* View */ = {
			isa = PBXGroup;
			children = (
				AE5ECC69289568E400958E24 /* AddDogDetail */,
				C14C371A288E6A4F00868A75 /* StartScreen */,
				C14C3723288E6A4F00868A75 /* LoginScreen */,
				C14C3717288E6A4F00868A75 /* AddDogName */,
				C14C371D288E6A4F00868A75 /* SelectTag */,
				C14C3720288E6A4F00868A75 /* AddUserData */,
			);
			path = View;
			sourceTree = "<group>";
		};
		C14C3717288E6A4F00868A75 /* AddDogName */ = {
			isa = PBXGroup;
			children = (
				C14C3719288E6A4F00868A75 /* AddDogName.storyboard */,
				C14C3718288E6A4F00868A75 /* AddDogNameViewController.swift */,
			);
			path = AddDogName;
			sourceTree = "<group>";
		};
		C14C371A288E6A4F00868A75 /* StartScreen */ = {
			isa = PBXGroup;
			children = (
				C14C371B288E6A4F00868A75 /* StartScreen.storyboard */,
				C14C371C288E6A4F00868A75 /* StartScreenController.swift */,
				119C50C6289670F500A12955 /* StartNaviController.swift */,
			);
			path = StartScreen;
			sourceTree = "<group>";
		};
		C14C371D288E6A4F00868A75 /* SelectTag */ = {
			isa = PBXGroup;
			children = (
				C14C371F288E6A4F00868A75 /* SelectTag.storyboard */,
				C14C371E288E6A4F00868A75 /* SelectTagViewController.swift */,
			);
			path = SelectTag;
			sourceTree = "<group>";
		};
		C14C3720288E6A4F00868A75 /* AddUserData */ = {
			isa = PBXGroup;
			children = (
				C14C3721288E6A4F00868A75 /* AddUserData.storyboard */,
				C14C3722288E6A4F00868A75 /* AddUserDataViewController.swift */,
			);
			path = AddUserData;
			sourceTree = "<group>";
		};
		C14C3723288E6A4F00868A75 /* LoginScreen */ = {
			isa = PBXGroup;
			children = (
				C14C3724288E6A4F00868A75 /* LoginScreen.storyboard */,
				C14C3725288E6A4F00868A75 /* LoginScreenController.swift */,
			);
			path = LoginScreen;
			sourceTree = "<group>";
		};
		C1D9FCE0288FF032001434FF /* Profile */ = {
			isa = PBXGroup;
			children = (
				C1D9FCDE288FEFFE001434FF /* Profile.storyboard */,
			);
			path = Profile;
			sourceTree = "<group>";
		};
/* End PBXGroup section */

/* Begin PBXNativeTarget section */
		C145B61A287E975600BEC69E /* UDD */ = {
			isa = PBXNativeTarget;
			buildConfigurationList = C145B62F287E975800BEC69E /* Build configuration list for PBXNativeTarget "UDD" */;
			buildPhases = (
				88A12637CB3652C74CBD58DD /* [CP] Check Pods Manifest.lock */,
				C134DF30287FF9B300992842 /* SwiftLint Script */,
				C145B617287E975600BEC69E /* Sources */,
				C145B618287E975600BEC69E /* Frameworks */,
				C145B619287E975600BEC69E /* Resources */,
				7313CE24A479CED9F6D86B82 /* [CP] Embed Pods Frameworks */,
			);
			buildRules = (
			);
			dependencies = (
			);
			name = UDD;
			productName = UDD;
			productReference = C145B61B287E975600BEC69E /* UDD.app */;
			productType = "com.apple.product-type.application";
		};
/* End PBXNativeTarget section */

/* Begin PBXProject section */
		C145B613287E975600BEC69E /* Project object */ = {
			isa = PBXProject;
			attributes = {
				BuildIndependentTargetsInParallel = 1;
				LastSwiftUpdateCheck = 1340;
				LastUpgradeCheck = 1340;
				TargetAttributes = {
					C145B61A287E975600BEC69E = {
						CreatedOnToolsVersion = 13.4.1;
					};
				};
			};
			buildConfigurationList = C145B616287E975600BEC69E /* Build configuration list for PBXProject "UDD" */;
			compatibilityVersion = "Xcode 13.0";
			developmentRegion = en;
			hasScannedForEncodings = 0;
			knownRegions = (
				en,
				Base,
			);
			mainGroup = C145B612287E975600BEC69E;
			productRefGroup = C145B61C287E975600BEC69E /* Products */;
			projectDirPath = "";
			projectRoot = "";
			targets = (
				C145B61A287E975600BEC69E /* UDD */,
			);
		};
/* End PBXProject section */

/* Begin PBXResourcesBuildPhase section */
		C145B619287E975600BEC69E /* Resources */ = {
			isa = PBXResourcesBuildPhase;
			buildActionMask = 2147483647;
			files = (
				119C50AE2891801E00A12955 /* YourCell.xib in Resources */,
				7EBD43D92893BA2C00B9E528 /* TabBar.storyboard in Resources */,
				119C50AA2891800F00A12955 /* MyCell.xib in Resources */,
				C14C3749288E6E4500868A75 /* Chat.storyboard in Resources */,
				AE5ECC6B289568F600958E24 /* AddDogDetail.storyboard in Resources */,
				C14C373C288E6A4F00868A75 /* AddDogName.storyboard in Resources */,
				7E30398328911B8700D58E1A /* LikeTableViewCell.xib in Resources */,
				C14C372A288E6A4F00868A75 /* LaunchScreen.storyboard in Resources */,
				C134DF36288007B600992842 /* .swiftlint.yml in Resources */,
				C14C3741288E6A4F00868A75 /* AddUserData.storyboard in Resources */,
				C14C3740288E6A4F00868A75 /* SelectTag.storyboard in Resources */,
				C14C3737288E6A4F00868A75 /* Like.storyboard in Resources */,
				C14C373A288E6A4F00868A75 /* HomeDetailView.storyboard in Resources */,
				C14C3733288E6A4F00868A75 /* Home.storyboard in Resources */,
				119C50BE2893FA3500A12955 /* ChatInfoCell.xib in Resources */,
				C14C3736288E6A4F00868A75 /* PostTableViewCell.xib in Resources */,
				119C50A428917B4300A12955 /* ChatRoom.storyboard in Resources */,
				C14C372C288E6A4F00868A75 /* Assets.xcassets in Resources */,
				C1D9FCDF288FEFFE001434FF /* Profile.storyboard in Resources */,
				C14C3743288E6A4F00868A75 /* LoginScreen.storyboard in Resources */,
				C14C373D288E6A4F00868A75 /* StartScreen.storyboard in Resources */,
			);
			runOnlyForDeploymentPostprocessing = 0;
		};
/* End PBXResourcesBuildPhase section */

/* Begin PBXShellScriptBuildPhase section */
		7313CE24A479CED9F6D86B82 /* [CP] Embed Pods Frameworks */ = {
			isa = PBXShellScriptBuildPhase;
			buildActionMask = 2147483647;
			files = (
			);
			inputFileListPaths = (
				"${PODS_ROOT}/Target Support Files/Pods-UDD/Pods-UDD-frameworks-${CONFIGURATION}-input-files.xcfilelist",
			);
			name = "[CP] Embed Pods Frameworks";
			outputFileListPaths = (
				"${PODS_ROOT}/Target Support Files/Pods-UDD/Pods-UDD-frameworks-${CONFIGURATION}-output-files.xcfilelist",
			);
			runOnlyForDeploymentPostprocessing = 0;
			shellPath = /bin/sh;
			shellScript = "\"${PODS_ROOT}/Target Support Files/Pods-UDD/Pods-UDD-frameworks.sh\"\n";
			showEnvVarsInLog = 0;
		};
		88A12637CB3652C74CBD58DD /* [CP] Check Pods Manifest.lock */ = {
			isa = PBXShellScriptBuildPhase;
			buildActionMask = 2147483647;
			files = (
			);
			inputFileListPaths = (
			);
			inputPaths = (
				"${PODS_PODFILE_DIR_PATH}/Podfile.lock",
				"${PODS_ROOT}/Manifest.lock",
			);
			name = "[CP] Check Pods Manifest.lock";
			outputFileListPaths = (
			);
			outputPaths = (
				"$(DERIVED_FILE_DIR)/Pods-UDD-checkManifestLockResult.txt",
			);
			runOnlyForDeploymentPostprocessing = 0;
			shellPath = /bin/sh;
			shellScript = "diff \"${PODS_PODFILE_DIR_PATH}/Podfile.lock\" \"${PODS_ROOT}/Manifest.lock\" > /dev/null\nif [ $? != 0 ] ; then\n    # print error to STDERR\n    echo \"error: The sandbox is not in sync with the Podfile.lock. Run 'pod install' or update your CocoaPods installation.\" >&2\n    exit 1\nfi\n# This output is used by Xcode 'outputs' to avoid re-running this script phase.\necho \"SUCCESS\" > \"${SCRIPT_OUTPUT_FILE_0}\"\n";
			showEnvVarsInLog = 0;
		};
		C134DF30287FF9B300992842 /* SwiftLint Script */ = {
			isa = PBXShellScriptBuildPhase;
			buildActionMask = 2147483647;
			files = (
			);
			inputFileListPaths = (
			);
			inputPaths = (
			);
			name = "SwiftLint Script";
			outputFileListPaths = (
			);
			outputPaths = (
			);
			runOnlyForDeploymentPostprocessing = 0;
			shellPath = /bin/sh;
			shellScript = "# Type a script or drag a script file from your workspace to insert its path.\n\n\"${PODS_ROOT}/SwiftLint/swiftlint\"\n";
		};
/* End PBXShellScriptBuildPhase section */

/* Begin PBXSourcesBuildPhase section */
		C145B617287E975600BEC69E /* Sources */ = {
			isa = PBXSourcesBuildPhase;
			buildActionMask = 2147483647;
			files = (
				7E97F23628927D71002F922E /* OpponentDogLikeDataModel.swift in Sources */,
				AE215A78289139CD00687AB4 /* ChatListController.swift in Sources */,
				119C50A628917FE400A12955 /* ChatRoomVC.swift in Sources */,
				C14C3739288E6A4F00868A75 /* HomeDetailViewController.swift in Sources */,
				119C50C92896715E00A12955 /* TabBarController.swift in Sources */,
				119C50A92891800F00A12955 /* MyCell.swift in Sources */,
				C14C3732288E6A4F00868A75 /* DogDataModel.swift in Sources */,
				119C50C228966FEB00A12955 /* Storage.swift in Sources */,
				C14C372F288E6A4F00868A75 /* CustomTextField.swift in Sources */,
				C14C373F288E6A4F00868A75 /* SelectTagViewController.swift in Sources */,
				C14C372D288E6A4F00868A75 /* AppDelegate.swift in Sources */,
				20AA0BBC2893B24100F4759C /* LineView.swift in Sources */,
				C14C373E288E6A4F00868A75 /* StartScreenController.swift in Sources */,
				C14C3734288E6A4F00868A75 /* HomeViewController.swift in Sources */,
				20AA0BC12893B2FD00F4759C /* DefaultTagModel.swift in Sources */,
				119C50AD2891801E00A12955 /* YourCell.swift in Sources */,
				119C50BD2893FA3500A12955 /* ChatInfoCell.swift in Sources */,
				C14C3746288E6A4F00868A75 /* SceneDelegate.swift in Sources */,
				7E30398228911B8700D58E1A /* LikeTableViewCell.swift in Sources */,
				7E30393B2890F1E200D58E1A /* LikeListView.swift in Sources */,
				C14C3744288E6A4F00868A75 /* LoginScreenController.swift in Sources */,
				119C50C7289670F500A12955 /* StartNaviController.swift in Sources */,
				C14C373B288E6A4F00868A75 /* AddDogNameViewController.swift in Sources */,
				C14C3730288E6A4F00868A75 /* IntroductionTextView.swift in Sources */,
				20AA0BB92893B15600F4759C /* FilterTagViewController.swift in Sources */,
				C14C3742288E6A4F00868A75 /* AddUserDataViewController.swift in Sources */,
				AE5ECC6D2895694B00958E24 /* AddDogDetailController.swift in Sources */,
				C14C372E288E6A4F00868A75 /* Extention_UIView.swift in Sources */,
				C14C3735288E6A4F00868A75 /* PostTableViewCell.swift in Sources */,
			);
			runOnlyForDeploymentPostprocessing = 0;
		};
/* End PBXSourcesBuildPhase section */

/* Begin PBXVariantGroup section */
		C14C36F6288E6A4F00868A75 /* LaunchScreen.storyboard */ = {
			isa = PBXVariantGroup;
			children = (
				C14C36F7288E6A4F00868A75 /* Base */,
			);
			name = LaunchScreen.storyboard;
			sourceTree = "<group>";
		};
/* End PBXVariantGroup section */

/* Begin XCBuildConfiguration section */
		C145B62D287E975800BEC69E /* Debug */ = {
			isa = XCBuildConfiguration;
			buildSettings = {
				ALWAYS_SEARCH_USER_PATHS = NO;
				CLANG_ANALYZER_NONNULL = YES;
				CLANG_ANALYZER_NUMBER_OBJECT_CONVERSION = YES_AGGRESSIVE;
				CLANG_CXX_LANGUAGE_STANDARD = "gnu++17";
				CLANG_ENABLE_MODULES = YES;
				CLANG_ENABLE_OBJC_ARC = YES;
				CLANG_ENABLE_OBJC_WEAK = YES;
				CLANG_WARN_BLOCK_CAPTURE_AUTORELEASING = YES;
				CLANG_WARN_BOOL_CONVERSION = YES;
				CLANG_WARN_COMMA = YES;
				CLANG_WARN_CONSTANT_CONVERSION = YES;
				CLANG_WARN_DEPRECATED_OBJC_IMPLEMENTATIONS = YES;
				CLANG_WARN_DIRECT_OBJC_ISA_USAGE = YES_ERROR;
				CLANG_WARN_DOCUMENTATION_COMMENTS = YES;
				CLANG_WARN_EMPTY_BODY = YES;
				CLANG_WARN_ENUM_CONVERSION = YES;
				CLANG_WARN_INFINITE_RECURSION = YES;
				CLANG_WARN_INT_CONVERSION = YES;
				CLANG_WARN_NON_LITERAL_NULL_CONVERSION = YES;
				CLANG_WARN_OBJC_IMPLICIT_RETAIN_SELF = YES;
				CLANG_WARN_OBJC_LITERAL_CONVERSION = YES;
				CLANG_WARN_OBJC_ROOT_CLASS = YES_ERROR;
				CLANG_WARN_QUOTED_INCLUDE_IN_FRAMEWORK_HEADER = YES;
				CLANG_WARN_RANGE_LOOP_ANALYSIS = YES;
				CLANG_WARN_STRICT_PROTOTYPES = YES;
				CLANG_WARN_SUSPICIOUS_MOVE = YES;
				CLANG_WARN_UNGUARDED_AVAILABILITY = YES_AGGRESSIVE;
				CLANG_WARN_UNREACHABLE_CODE = YES;
				CLANG_WARN__DUPLICATE_METHOD_MATCH = YES;
				COPY_PHASE_STRIP = NO;
				DEBUG_INFORMATION_FORMAT = dwarf;
				ENABLE_STRICT_OBJC_MSGSEND = YES;
				ENABLE_TESTABILITY = YES;
				GCC_C_LANGUAGE_STANDARD = gnu11;
				GCC_DYNAMIC_NO_PIC = NO;
				GCC_NO_COMMON_BLOCKS = YES;
				GCC_OPTIMIZATION_LEVEL = 0;
				GCC_PREPROCESSOR_DEFINITIONS = (
					"DEBUG=1",
					"$(inherited)",
				);
				GCC_WARN_64_TO_32_BIT_CONVERSION = YES;
				GCC_WARN_ABOUT_RETURN_TYPE = YES_ERROR;
				GCC_WARN_UNDECLARED_SELECTOR = YES;
				GCC_WARN_UNINITIALIZED_AUTOS = YES_AGGRESSIVE;
				GCC_WARN_UNUSED_FUNCTION = YES;
				GCC_WARN_UNUSED_VARIABLE = YES;
				IPHONEOS_DEPLOYMENT_TARGET = 15.5;
				MTL_ENABLE_DEBUG_INFO = INCLUDE_SOURCE;
				MTL_FAST_MATH = YES;
				ONLY_ACTIVE_ARCH = YES;
				SDKROOT = iphoneos;
				SWIFT_ACTIVE_COMPILATION_CONDITIONS = DEBUG;
				SWIFT_OPTIMIZATION_LEVEL = "-Onone";
			};
			name = Debug;
		};
		C145B62E287E975800BEC69E /* Release */ = {
			isa = XCBuildConfiguration;
			buildSettings = {
				ALWAYS_SEARCH_USER_PATHS = NO;
				CLANG_ANALYZER_NONNULL = YES;
				CLANG_ANALYZER_NUMBER_OBJECT_CONVERSION = YES_AGGRESSIVE;
				CLANG_CXX_LANGUAGE_STANDARD = "gnu++17";
				CLANG_ENABLE_MODULES = YES;
				CLANG_ENABLE_OBJC_ARC = YES;
				CLANG_ENABLE_OBJC_WEAK = YES;
				CLANG_WARN_BLOCK_CAPTURE_AUTORELEASING = YES;
				CLANG_WARN_BOOL_CONVERSION = YES;
				CLANG_WARN_COMMA = YES;
				CLANG_WARN_CONSTANT_CONVERSION = YES;
				CLANG_WARN_DEPRECATED_OBJC_IMPLEMENTATIONS = YES;
				CLANG_WARN_DIRECT_OBJC_ISA_USAGE = YES_ERROR;
				CLANG_WARN_DOCUMENTATION_COMMENTS = YES;
				CLANG_WARN_EMPTY_BODY = YES;
				CLANG_WARN_ENUM_CONVERSION = YES;
				CLANG_WARN_INFINITE_RECURSION = YES;
				CLANG_WARN_INT_CONVERSION = YES;
				CLANG_WARN_NON_LITERAL_NULL_CONVERSION = YES;
				CLANG_WARN_OBJC_IMPLICIT_RETAIN_SELF = YES;
				CLANG_WARN_OBJC_LITERAL_CONVERSION = YES;
				CLANG_WARN_OBJC_ROOT_CLASS = YES_ERROR;
				CLANG_WARN_QUOTED_INCLUDE_IN_FRAMEWORK_HEADER = YES;
				CLANG_WARN_RANGE_LOOP_ANALYSIS = YES;
				CLANG_WARN_STRICT_PROTOTYPES = YES;
				CLANG_WARN_SUSPICIOUS_MOVE = YES;
				CLANG_WARN_UNGUARDED_AVAILABILITY = YES_AGGRESSIVE;
				CLANG_WARN_UNREACHABLE_CODE = YES;
				CLANG_WARN__DUPLICATE_METHOD_MATCH = YES;
				COPY_PHASE_STRIP = NO;
				DEBUG_INFORMATION_FORMAT = "dwarf-with-dsym";
				ENABLE_NS_ASSERTIONS = NO;
				ENABLE_STRICT_OBJC_MSGSEND = YES;
				GCC_C_LANGUAGE_STANDARD = gnu11;
				GCC_NO_COMMON_BLOCKS = YES;
				GCC_WARN_64_TO_32_BIT_CONVERSION = YES;
				GCC_WARN_ABOUT_RETURN_TYPE = YES_ERROR;
				GCC_WARN_UNDECLARED_SELECTOR = YES;
				GCC_WARN_UNINITIALIZED_AUTOS = YES_AGGRESSIVE;
				GCC_WARN_UNUSED_FUNCTION = YES;
				GCC_WARN_UNUSED_VARIABLE = YES;
				IPHONEOS_DEPLOYMENT_TARGET = 15.5;
				MTL_ENABLE_DEBUG_INFO = NO;
				MTL_FAST_MATH = YES;
				SDKROOT = iphoneos;
				SWIFT_COMPILATION_MODE = wholemodule;
				SWIFT_OPTIMIZATION_LEVEL = "-O";
				VALIDATE_PRODUCT = YES;
			};
			name = Release;
		};
		C145B630287E975800BEC69E /* Debug */ = {
			isa = XCBuildConfiguration;
			baseConfigurationReference = E34E1874F5BB3A4C3CC48733 /* Pods-UDD.debug.xcconfig */;
			buildSettings = {
				ASSETCATALOG_COMPILER_APPICON_NAME = AppIcon;
				ASSETCATALOG_COMPILER_GLOBAL_ACCENT_COLOR_NAME = AccentColor;
				ASSETCATALOG_COMPILER_INCLUDE_ALL_APPICON_ASSETS = NO;
				CODE_SIGN_IDENTITY = "iPhone Developer";
				CODE_SIGN_STYLE = Manual;
				CURRENT_PROJECT_VERSION = 1;
				DEVELOPMENT_TEAM = 68LU7Q7XD4;
				GENERATE_INFOPLIST_FILE = YES;
				INFOPLIST_FILE = UDD/Application/Info.plist;
				INFOPLIST_KEY_UIApplicationSupportsIndirectInputEvents = YES;
				INFOPLIST_KEY_UILaunchStoryboardName = LaunchScreen;
				INFOPLIST_KEY_UIMainStoryboardFile = StartScreen;
				INFOPLIST_KEY_UISupportedInterfaceOrientations_iPad = "UIInterfaceOrientationPortrait UIInterfaceOrientationPortraitUpsideDown UIInterfaceOrientationLandscapeLeft UIInterfaceOrientationLandscapeRight";
				INFOPLIST_KEY_UISupportedInterfaceOrientations_iPhone = "UIInterfaceOrientationPortrait UIInterfaceOrientationLandscapeLeft UIInterfaceOrientationLandscapeRight";
				INFOPLIST_KEY_UIUserInterfaceStyle = Light;
				LD_RUNPATH_SEARCH_PATHS = (
					"$(inherited)",
					"@executable_path/Frameworks",
				);
				MARKETING_VERSION = 1.0;
				PRODUCT_BUNDLE_IDENTIFIER = odaeng.UDD;
				PRODUCT_NAME = "$(TARGET_NAME)";
				PROVISIONING_PROFILE_SPECIFIER = "Odaeng UDD";
				SWIFT_EMIT_LOC_STRINGS = YES;
				SWIFT_OBJC_BRIDGING_HEADER = "UDD/Presentation/Headers/CustomSPCDetent-Bridging-Header.h";
				"SWIFT_OBJC_INTERFACE_HEADER_NAME[arch=*]" = "CustomSPCDetent-Bridging-Header.h";
				SWIFT_VERSION = 5.0;
				TARGETED_DEVICE_FAMILY = 1;
			};
			name = Debug;
		};
		C145B631287E975800BEC69E /* Release */ = {
			isa = XCBuildConfiguration;
			baseConfigurationReference = CA47D97F706DC3EDC62AD350 /* Pods-UDD.release.xcconfig */;
			buildSettings = {
				ASSETCATALOG_COMPILER_APPICON_NAME = AppIcon;
				ASSETCATALOG_COMPILER_GLOBAL_ACCENT_COLOR_NAME = AccentColor;
				ASSETCATALOG_COMPILER_INCLUDE_ALL_APPICON_ASSETS = NO;
				CODE_SIGN_IDENTITY = "iPhone Developer";
				CODE_SIGN_STYLE = Manual;
				CURRENT_PROJECT_VERSION = 1;
				DEVELOPMENT_TEAM = 68LU7Q7XD4;
				GENERATE_INFOPLIST_FILE = YES;
				INFOPLIST_FILE = UDD/Application/Info.plist;
				INFOPLIST_KEY_UIApplicationSupportsIndirectInputEvents = YES;
				INFOPLIST_KEY_UILaunchStoryboardName = LaunchScreen;
				INFOPLIST_KEY_UIMainStoryboardFile = StartScreen;
				INFOPLIST_KEY_UISupportedInterfaceOrientations_iPad = "UIInterfaceOrientationPortrait UIInterfaceOrientationPortraitUpsideDown UIInterfaceOrientationLandscapeLeft UIInterfaceOrientationLandscapeRight";
				INFOPLIST_KEY_UISupportedInterfaceOrientations_iPhone = "UIInterfaceOrientationPortrait UIInterfaceOrientationLandscapeLeft UIInterfaceOrientationLandscapeRight";
				INFOPLIST_KEY_UIUserInterfaceStyle = Light;
				LD_RUNPATH_SEARCH_PATHS = (
					"$(inherited)",
					"@executable_path/Frameworks",
				);
				MARKETING_VERSION = 1.0;
				PRODUCT_BUNDLE_IDENTIFIER = odaeng.UDD;
				PRODUCT_NAME = "$(TARGET_NAME)";
				PROVISIONING_PROFILE_SPECIFIER = "Odaeng UDD";
				SWIFT_EMIT_LOC_STRINGS = YES;
				SWIFT_OBJC_BRIDGING_HEADER = "UDD/Presentation/Headers/CustomSPCDetent-Bridging-Header.h";
				"SWIFT_OBJC_INTERFACE_HEADER_NAME[arch=*]" = "CustomSPCDetent-Bridging-Header.h";
				SWIFT_VERSION = 5.0;
				TARGETED_DEVICE_FAMILY = 1;
			};
			name = Release;
		};
/* End XCBuildConfiguration section */

/* Begin XCConfigurationList section */
		C145B616287E975600BEC69E /* Build configuration list for PBXProject "UDD" */ = {
			isa = XCConfigurationList;
			buildConfigurations = (
				C145B62D287E975800BEC69E /* Debug */,
				C145B62E287E975800BEC69E /* Release */,
			);
			defaultConfigurationIsVisible = 0;
			defaultConfigurationName = Release;
		};
		C145B62F287E975800BEC69E /* Build configuration list for PBXNativeTarget "UDD" */ = {
			isa = XCConfigurationList;
			buildConfigurations = (
				C145B630287E975800BEC69E /* Debug */,
				C145B631287E975800BEC69E /* Release */,
			);
			defaultConfigurationIsVisible = 0;
			defaultConfigurationName = Release;
		};
/* End XCConfigurationList section */
	};
	rootObject = C145B613287E975600BEC69E /* Project object */;
}
